
Microsoft Visual Studio Solution File, Format Version 12.00
# Visual Studio Version 17
VisualStudioVersion = 17.3.32811.315
MinimumVisualStudioVersion = 10.0.40219.1
Project("{FAE04EC0-301F-11D3-BF4B-00C04F79EFBC}") = "Csibészkutyák", "Csibészkutyák\Csibészkutyák.csproj", "{FD4C84C1-A335-4AA5-BAE9-492C617FC33A}"
EndProject
Global
	GlobalSection(SolutionConfigurationPlatforms) = preSolution
		Debug|Any CPU = Debug|Any CPU
		Release|Any CPU = Release|Any CPU
	EndGlobalSection
	GlobalSection(ProjectConfigurationPlatforms) = postSolution
		{FD4C84C1-A335-4AA5-BAE9-492C617FC33A}.Debug|Any CPU.ActiveCfg = Debug|Any CPU
		{FD4C84C1-A335-4AA5-BAE9-492C617FC33A}.Debug|Any CPU.Build.0 = Debug|Any CPU
		{FD4C84C1-A335-4AA5-BAE9-492C617FC33A}.Release|Any CPU.ActiveCfg = Release|Any CPU
		{FD4C84C1-A335-4AA5-BAE9-492C617FC33A}.Release|Any CPU.Build.0 = Release|Any CPU
	EndGlobalSection
	GlobalSection(SolutionProperties) = preSolution
		HideSolutionNode = FALSE
	EndGlobalSection
	GlobalSection(ExtensibilityGlobals) = postSolution
		SolutionGuid = {8175CF49-43D7-4D27-A6BB-F55425C3F6EE}
	EndGlobalSection
EndGlobal
